// !$*UTF8*$!
{
	archiveVersion = 1;
	classes = {
	};
	objectVersion = 46;
	objects = {

/* Begin PBXBuildFile section */
		D02649371EF965CF001CCBEB /* main.m in Sources */ = {isa = PBXBuildFile; fileRef = D02649361EF965CF001CCBEB /* main.m */; };
		D026493A1EF965CF001CCBEB /* AppDelegate.m in Sources */ = {isa = PBXBuildFile; fileRef = D02649391EF965CF001CCBEB /* AppDelegate.m */; };
		D02649401EF965CF001CCBEB /* Main.storyboard in Resources */ = {isa = PBXBuildFile; fileRef = D026493E1EF965CF001CCBEB /* Main.storyboard */; };
		D02649431EF965CF001CCBEB /* trendinggif.xcdatamodeld in Sources */ = {isa = PBXBuildFile; fileRef = D02649411EF965CF001CCBEB /* trendinggif.xcdatamodeld */; };
		D02649451EF965CF001CCBEB /* Assets.xcassets in Resources */ = {isa = PBXBuildFile; fileRef = D02649441EF965CF001CCBEB /* Assets.xcassets */; };
		D02649481EF965CF001CCBEB /* LaunchScreen.storyboard in Resources */ = {isa = PBXBuildFile; fileRef = D02649461EF965CF001CCBEB /* LaunchScreen.storyboard */; };
		D02649531EF965CF001CCBEB /* trendinggifTests.m in Sources */ = {isa = PBXBuildFile; fileRef = D02649521EF965CF001CCBEB /* trendinggifTests.m */; };
		D026495E1EF965CF001CCBEB /* trendinggifUITests.m in Sources */ = {isa = PBXBuildFile; fileRef = D026495D1EF965CF001CCBEB /* trendinggifUITests.m */; };
		D026496D1EF9687D001CCBEB /* MyCell.m in Sources */ = {isa = PBXBuildFile; fileRef = D026496C1EF9687D001CCBEB /* MyCell.m */; };
		D02649701EF968E3001CCBEB /* MyCollectionViewController.m in Sources */ = {isa = PBXBuildFile; fileRef = D026496F1EF968E3001CCBEB /* MyCollectionViewController.m */; };
		D02649731EF97021001CCBEB /* FetchGifs.m in Sources */ = {isa = PBXBuildFile; fileRef = D02649721EF97021001CCBEB /* FetchGifs.m */; };
		D02649791EF97FD1001CCBEB /* GifImage.m in Sources */ = {isa = PBXBuildFile; fileRef = D02649781EF97FD1001CCBEB /* GifImage.m */; };
		D026497C1EF98055001CCBEB /* GifImageOriginal.m in Sources */ = {isa = PBXBuildFile; fileRef = D026497B1EF98055001CCBEB /* GifImageOriginal.m */; };
		E0119EA2DB97740E4A1EECF4 /* libPods-trendinggif.a in Frameworks */ = {isa = PBXBuildFile; fileRef = 7510D0DB620B743DD44027AC /* libPods-trendinggif.a */; };
/* End PBXBuildFile section */

/* Begin PBXContainerItemProxy section */
		D026494F1EF965CF001CCBEB /* PBXContainerItemProxy */ = {
			isa = PBXContainerItemProxy;
			containerPortal = D026492A1EF965CF001CCBEB /* Project object */;
			proxyType = 1;
			remoteGlobalIDString = D02649311EF965CF001CCBEB;
			remoteInfo = trendinggif;
		};
		D026495A1EF965CF001CCBEB /* PBXContainerItemProxy */ = {
			isa = PBXContainerItemProxy;
			containerPortal = D026492A1EF965CF001CCBEB /* Project object */;
			proxyType = 1;
			remoteGlobalIDString = D02649311EF965CF001CCBEB;
			remoteInfo = trendinggif;
		};
/* End PBXContainerItemProxy section */

/* Begin PBXFileReference section */
		31B047B690635A0E51893028 /* Pods-trendinggif.debug.xcconfig */ = {isa = PBXFileReference; includeInIndex = 1; lastKnownFileType = text.xcconfig; name = "Pods-trendinggif.debug.xcconfig"; path = "Pods/Target Support Files/Pods-trendinggif/Pods-trendinggif.debug.xcconfig"; sourceTree = "<group>"; };
		7510D0DB620B743DD44027AC /* libPods-trendinggif.a */ = {isa = PBXFileReference; explicitFileType = archive.ar; includeInIndex = 0; path = "libPods-trendinggif.a"; sourceTree = BUILT_PRODUCTS_DIR; };
		C8FAB7057C047712CFD02B9C /* Pods-trendinggif.release.xcconfig */ = {isa = PBXFileReference; includeInIndex = 1; lastKnownFileType = text.xcconfig; name = "Pods-trendinggif.release.xcconfig"; path = "Pods/Target Support Files/Pods-trendinggif/Pods-trendinggif.release.xcconfig"; sourceTree = "<group>"; };
		D02649321EF965CF001CCBEB /* trendinggif.app */ = {isa = PBXFileReference; explicitFileType = wrapper.application; includeInIndex = 0; path = trendinggif.app; sourceTree = BUILT_PRODUCTS_DIR; };
		D02649361EF965CF001CCBEB /* main.m */ = {isa = PBXFileReference; lastKnownFileType = sourcecode.c.objc; path = main.m; sourceTree = "<group>"; };
		D02649381EF965CF001CCBEB /* AppDelegate.h */ = {isa = PBXFileReference; lastKnownFileType = sourcecode.c.h; path = AppDelegate.h; sourceTree = "<group>"; };
		D02649391EF965CF001CCBEB /* AppDelegate.m */ = {isa = PBXFileReference; lastKnownFileType = sourcecode.c.objc; path = AppDelegate.m; sourceTree = "<group>"; };
		D026493F1EF965CF001CCBEB /* Base */ = {isa = PBXFileReference; lastKnownFileType = file.storyboard; name = Base; path = Base.lproj/Main.storyboard; sourceTree = "<group>"; };
		D02649421EF965CF001CCBEB /* trendinggif.xcdatamodel */ = {isa = PBXFileReference; lastKnownFileType = wrapper.xcdatamodel; path = trendinggif.xcdatamodel; sourceTree = "<group>"; };
		D02649441EF965CF001CCBEB /* Assets.xcassets */ = {isa = PBXFileReference; lastKnownFileType = folder.assetcatalog; path = Assets.xcassets; sourceTree = "<group>"; };
		D02649471EF965CF001CCBEB /* Base */ = {isa = PBXFileReference; lastKnownFileType = file.storyboard; name = Base; path = Base.lproj/LaunchScreen.storyboard; sourceTree = "<group>"; };
		D02649491EF965CF001CCBEB /* Info.plist */ = {isa = PBXFileReference; lastKnownFileType = text.plist.xml; path = Info.plist; sourceTree = "<group>"; };
		D026494E1EF965CF001CCBEB /* trendinggifTests.xctest */ = {isa = PBXFileReference; explicitFileType = wrapper.cfbundle; includeInIndex = 0; path = trendinggifTests.xctest; sourceTree = BUILT_PRODUCTS_DIR; };
		D02649521EF965CF001CCBEB /* trendinggifTests.m */ = {isa = PBXFileReference; lastKnownFileType = sourcecode.c.objc; path = trendinggifTests.m; sourceTree = "<group>"; };
		D02649541EF965CF001CCBEB /* Info.plist */ = {isa = PBXFileReference; lastKnownFileType = text.plist.xml; path = Info.plist; sourceTree = "<group>"; };
		D02649591EF965CF001CCBEB /* trendinggifUITests.xctest */ = {isa = PBXFileReference; explicitFileType = wrapper.cfbundle; includeInIndex = 0; path = trendinggifUITests.xctest; sourceTree = BUILT_PRODUCTS_DIR; };
		D026495D1EF965CF001CCBEB /* trendinggifUITests.m */ = {isa = PBXFileReference; lastKnownFileType = sourcecode.c.objc; path = trendinggifUITests.m; sourceTree = "<group>"; };
		D026495F1EF965CF001CCBEB /* Info.plist */ = {isa = PBXFileReference; lastKnownFileType = text.plist.xml; path = Info.plist; sourceTree = "<group>"; };
		D026496B1EF9687D001CCBEB /* MyCell.h */ = {isa = PBXFileReference; fileEncoding = 4; lastKnownFileType = sourcecode.c.h; path = MyCell.h; sourceTree = "<group>"; };
		D026496C1EF9687D001CCBEB /* MyCell.m */ = {isa = PBXFileReference; fileEncoding = 4; lastKnownFileType = sourcecode.c.objc; path = MyCell.m; sourceTree = "<group>"; };
		D026496E1EF968E3001CCBEB /* MyCollectionViewController.h */ = {isa = PBXFileReference; fileEncoding = 4; lastKnownFileType = sourcecode.c.h; path = MyCollectionViewController.h; sourceTree = "<group>"; };
		D026496F1EF968E3001CCBEB /* MyCollectionViewController.m */ = {isa = PBXFileReference; fileEncoding = 4; lastKnownFileType = sourcecode.c.objc; path = MyCollectionViewController.m; sourceTree = "<group>"; };
		D02649711EF97021001CCBEB /* FetchGifs.h */ = {isa = PBXFileReference; fileEncoding = 4; lastKnownFileType = sourcecode.c.h; path = FetchGifs.h; sourceTree = "<group>"; };
		D02649721EF97021001CCBEB /* FetchGifs.m */ = {isa = PBXFileReference; fileEncoding = 4; lastKnownFileType = sourcecode.c.objc; path = FetchGifs.m; sourceTree = "<group>"; };
		D02649771EF97FD1001CCBEB /* GifImage.h */ = {isa = PBXFileReference; fileEncoding = 4; lastKnownFileType = sourcecode.c.h; path = GifImage.h; sourceTree = "<group>"; };
		D02649781EF97FD1001CCBEB /* GifImage.m */ = {isa = PBXFileReference; fileEncoding = 4; lastKnownFileType = sourcecode.c.objc; path = GifImage.m; sourceTree = "<group>"; };
		D026497A1EF98055001CCBEB /* GifImageOriginal.h */ = {isa = PBXFileReference; fileEncoding = 4; lastKnownFileType = sourcecode.c.h; path = GifImageOriginal.h; sourceTree = "<group>"; };
		D026497B1EF98055001CCBEB /* GifImageOriginal.m */ = {isa = PBXFileReference; fileEncoding = 4; lastKnownFileType = sourcecode.c.objc; path = GifImageOriginal.m; sourceTree = "<group>"; };
/* End PBXFileReference section */

/* Begin PBXFrameworksBuildPhase section */
		D026492F1EF965CF001CCBEB /* Frameworks */ = {
			isa = PBXFrameworksBuildPhase;
			buildActionMask = 2147483647;
			files = (
				E0119EA2DB97740E4A1EECF4 /* libPods-trendinggif.a in Frameworks */,
			);
			runOnlyForDeploymentPostprocessing = 0;
		};
		D026494B1EF965CF001CCBEB /* Frameworks */ = {
			isa = PBXFrameworksBuildPhase;
			buildActionMask = 2147483647;
			files = (
			);
			runOnlyForDeploymentPostprocessing = 0;
		};
		D02649561EF965CF001CCBEB /* Frameworks */ = {
			isa = PBXFrameworksBuildPhase;
			buildActionMask = 2147483647;
			files = (
			);
			runOnlyForDeploymentPostprocessing = 0;
		};
/* End PBXFrameworksBuildPhase section */

/* Begin PBXGroup section */
		A6908C448A3E098F89DA87FD /* Pods */ = {
			isa = PBXGroup;
			children = (
				31B047B690635A0E51893028 /* Pods-trendinggif.debug.xcconfig */,
				C8FAB7057C047712CFD02B9C /* Pods-trendinggif.release.xcconfig */,
			);
			name = Pods;
			sourceTree = "<group>";
		};
		B1D370FF6BC6F0C464FAB274 /* Frameworks */ = {
			isa = PBXGroup;
			children = (
				7510D0DB620B743DD44027AC /* libPods-trendinggif.a */,
			);
			name = Frameworks;
			sourceTree = "<group>";
		};
		D02649291EF965CF001CCBEB = {
			isa = PBXGroup;
			children = (
				D02649341EF965CF001CCBEB /* trendinggif */,
				D02649511EF965CF001CCBEB /* trendinggifTests */,
				D026495C1EF965CF001CCBEB /* trendinggifUITests */,
				D02649331EF965CF001CCBEB /* Products */,
				A6908C448A3E098F89DA87FD /* Pods */,
				B1D370FF6BC6F0C464FAB274 /* Frameworks */,
			);
			sourceTree = "<group>";
		};
		D02649331EF965CF001CCBEB /* Products */ = {
			isa = PBXGroup;
			children = (
				D02649321EF965CF001CCBEB /* trendinggif.app */,
				D026494E1EF965CF001CCBEB /* trendinggifTests.xctest */,
				D02649591EF965CF001CCBEB /* trendinggifUITests.xctest */,
			);
			name = Products;
			sourceTree = "<group>";
		};
		D02649341EF965CF001CCBEB /* trendinggif */ = {
			isa = PBXGroup;
			children = (
				D02649381EF965CF001CCBEB /* AppDelegate.h */,
				D02649391EF965CF001CCBEB /* AppDelegate.m */,
				D026496E1EF968E3001CCBEB /* MyCollectionViewController.h */,
				D026496F1EF968E3001CCBEB /* MyCollectionViewController.m */,
				D026496B1EF9687D001CCBEB /* MyCell.h */,
				D026496C1EF9687D001CCBEB /* MyCell.m */,
				D02649711EF97021001CCBEB /* FetchGifs.h */,
				D02649721EF97021001CCBEB /* FetchGifs.m */,
				D02649771EF97FD1001CCBEB /* GifImage.h */,
				D02649781EF97FD1001CCBEB /* GifImage.m */,
				D026497A1EF98055001CCBEB /* GifImageOriginal.h */,
				D026497B1EF98055001CCBEB /* GifImageOriginal.m */,
				D026493E1EF965CF001CCBEB /* Main.storyboard */,
				D02649441EF965CF001CCBEB /* Assets.xcassets */,
				D02649461EF965CF001CCBEB /* LaunchScreen.storyboard */,
				D02649491EF965CF001CCBEB /* Info.plist */,
				D02649411EF965CF001CCBEB /* trendinggif.xcdatamodeld */,
				D02649351EF965CF001CCBEB /* Supporting Files */,
			);
			path = trendinggif;
			sourceTree = "<group>";
		};
		D02649351EF965CF001CCBEB /* Supporting Files */ = {
			isa = PBXGroup;
			children = (
				D02649361EF965CF001CCBEB /* main.m */,
			);
			name = "Supporting Files";
			sourceTree = "<group>";
		};
		D02649511EF965CF001CCBEB /* trendinggifTests */ = {
			isa = PBXGroup;
			children = (
				D02649521EF965CF001CCBEB /* trendinggifTests.m */,
				D02649541EF965CF001CCBEB /* Info.plist */,
			);
			path = trendinggifTests;
			sourceTree = "<group>";
		};
		D026495C1EF965CF001CCBEB /* trendinggifUITests */ = {
			isa = PBXGroup;
			children = (
				D026495D1EF965CF001CCBEB /* trendinggifUITests.m */,
				D026495F1EF965CF001CCBEB /* Info.plist */,
			);
			path = trendinggifUITests;
			sourceTree = "<group>";
		};
/* End PBXGroup section */

/* Begin PBXNativeTarget section */
		D02649311EF965CF001CCBEB /* trendinggif */ = {
			isa = PBXNativeTarget;
			buildConfigurationList = D02649621EF965CF001CCBEB /* Build configuration list for PBXNativeTarget "trendinggif" */;
			buildPhases = (
				CC1A28BEA41EE661689A35A2 /* [CP] Check Pods Manifest.lock */,
				D026492E1EF965CF001CCBEB /* Sources */,
				D026492F1EF965CF001CCBEB /* Frameworks */,
				D02649301EF965CF001CCBEB /* Resources */,
				D8032E5B7ED4A14A274E12C8 /* [CP] Embed Pods Frameworks */,
				F054875BF8026DD1D3AE397F /* [CP] Copy Pods Resources */,
			);
			buildRules = (
			);
			dependencies = (
			);
			name = trendinggif;
			productName = trendinggif;
			productReference = D02649321EF965CF001CCBEB /* trendinggif.app */;
			productType = "com.apple.product-type.application";
		};
		D026494D1EF965CF001CCBEB /* trendinggifTests */ = {
			isa = PBXNativeTarget;
			buildConfigurationList = D02649651EF965CF001CCBEB /* Build configuration list for PBXNativeTarget "trendinggifTests" */;
			buildPhases = (
				D026494A1EF965CF001CCBEB /* Sources */,
				D026494B1EF965CF001CCBEB /* Frameworks */,
				D026494C1EF965CF001CCBEB /* Resources */,
			);
			buildRules = (
			);
			dependencies = (
				D02649501EF965CF001CCBEB /* PBXTargetDependency */,
			);
			name = trendinggifTests;
			productName = trendinggifTests;
			productReference = D026494E1EF965CF001CCBEB /* trendinggifTests.xctest */;
			productType = "com.apple.product-type.bundle.unit-test";
		};
		D02649581EF965CF001CCBEB /* trendinggifUITests */ = {
			isa = PBXNativeTarget;
			buildConfigurationList = D02649681EF965CF001CCBEB /* Build configuration list for PBXNativeTarget "trendinggifUITests" */;
			buildPhases = (
				D02649551EF965CF001CCBEB /* Sources */,
				D02649561EF965CF001CCBEB /* Frameworks */,
				D02649571EF965CF001CCBEB /* Resources */,
			);
			buildRules = (
			);
			dependencies = (
				D026495B1EF965CF001CCBEB /* PBXTargetDependency */,
			);
			name = trendinggifUITests;
			productName = trendinggifUITests;
			productReference = D02649591EF965CF001CCBEB /* trendinggifUITests.xctest */;
			productType = "com.apple.product-type.bundle.ui-testing";
		};
/* End PBXNativeTarget section */

/* Begin PBXProject section */
		D026492A1EF965CF001CCBEB /* Project object */ = {
			isa = PBXProject;
			attributes = {
				LastUpgradeCheck = 0830;
				ORGANIZATIONNAME = "Marc Tamarit Romero";
				TargetAttributes = {
					D02649311EF965CF001CCBEB = {
						CreatedOnToolsVersion = 8.3.3;
						ProvisioningStyle = Automatic;
					};
					D026494D1EF965CF001CCBEB = {
						CreatedOnToolsVersion = 8.3.3;
						ProvisioningStyle = Automatic;
						TestTargetID = D02649311EF965CF001CCBEB;
					};
					D02649581EF965CF001CCBEB = {
						CreatedOnToolsVersion = 8.3.3;
						ProvisioningStyle = Automatic;
						TestTargetID = D02649311EF965CF001CCBEB;
					};
				};
			};
			buildConfigurationList = D026492D1EF965CF001CCBEB /* Build configuration list for PBXProject "trendinggif" */;
			compatibilityVersion = "Xcode 3.2";
			developmentRegion = English;
			hasScannedForEncodings = 0;
			knownRegions = (
				en,
				Base,
			);
			mainGroup = D02649291EF965CF001CCBEB;
			productRefGroup = D02649331EF965CF001CCBEB /* Products */;
			projectDirPath = "";
			projectRoot = "";
			targets = (
				D02649311EF965CF001CCBEB /* trendinggif */,
				D026494D1EF965CF001CCBEB /* trendinggifTests */,
				D02649581EF965CF001CCBEB /* trendinggifUITests */,
			);
		};
/* End PBXProject section */

/* Begin PBXResourcesBuildPhase section */
		D02649301EF965CF001CCBEB /* Resources */ = {
			isa = PBXResourcesBuildPhase;
			buildActionMask = 2147483647;
			files = (
				D02649481EF965CF001CCBEB /* LaunchScreen.storyboard in Resources */,
				D02649451EF965CF001CCBEB /* Assets.xcassets in Resources */,
				D02649401EF965CF001CCBEB /* Main.storyboard in Resources */,
			);
			runOnlyForDeploymentPostprocessing = 0;
		};
		D026494C1EF965CF001CCBEB /* Resources */ = {
			isa = PBXResourcesBuildPhase;
			buildActionMask = 2147483647;
			files = (
			);
			runOnlyForDeploymentPostprocessing = 0;
		};
		D02649571EF965CF001CCBEB /* Resources */ = {
			isa = PBXResourcesBuildPhase;
			buildActionMask = 2147483647;
			files = (
			);
			runOnlyForDeploymentPostprocessing = 0;
		};
/* End PBXResourcesBuildPhase section */

/* Begin PBXShellScriptBuildPhase section */
		CC1A28BEA41EE661689A35A2 /* [CP] Check Pods Manifest.lock */ = {
			isa = PBXShellScriptBuildPhase;
			buildActionMask = 2147483647;
			files = (
			);
			inputPaths = (
			);
			name = "[CP] Check Pods Manifest.lock";
			outputPaths = (
			);
			runOnlyForDeploymentPostprocessing = 0;
			shellPath = /bin/sh;
			shellScript = "diff \"${PODS_PODFILE_DIR_PATH}/Podfile.lock\" \"${PODS_ROOT}/Manifest.lock\" > /dev/null\nif [ $? != 0 ] ; then\n    # print error to STDERR\n    echo \"error: The sandbox is not in sync with the Podfile.lock. Run 'pod install' or update your CocoaPods installation.\" >&2\n    exit 1\nfi\n";
			showEnvVarsInLog = 0;
		};
		D8032E5B7ED4A14A274E12C8 /* [CP] Embed Pods Frameworks */ = {
			isa = PBXShellScriptBuildPhase;
			buildActionMask = 2147483647;
			files = (
			);
			inputPaths = (
			);
			name = "[CP] Embed Pods Frameworks";
			outputPaths = (
			);
			runOnlyForDeploymentPostprocessing = 0;
			shellPath = /bin/sh;
			shellScript = "\"${SRCROOT}/Pods/Target Support Files/Pods-trendinggif/Pods-trendinggif-frameworks.sh\"\n";
			showEnvVarsInLog = 0;
		};
		F054875BF8026DD1D3AE397F /* [CP] Copy Pods Resources */ = {
			isa = PBXShellScriptBuildPhase;
			buildActionMask = 2147483647;
			files = (
			);
			inputPaths = (
			);
			name = "[CP] Copy Pods Resources";
			outputPaths = (
			);
			runOnlyForDeploymentPostprocessing = 0;
			shellPath = /bin/sh;
			shellScript = "\"${SRCROOT}/Pods/Target Support Files/Pods-trendinggif/Pods-trendinggif-resources.sh\"\n";
			showEnvVarsInLog = 0;
		};
/* End PBXShellScriptBuildPhase section */

/* Begin PBXSourcesBuildPhase section */
		D026492E1EF965CF001CCBEB /* Sources */ = {
			isa = PBXSourcesBuildPhase;
			buildActionMask = 2147483647;
			files = (
				D02649791EF97FD1001CCBEB /* GifImage.m in Sources */,
				D02649431EF965CF001CCBEB /* trendinggif.xcdatamodeld in Sources */,
				D02649701EF968E3001CCBEB /* MyCollectionViewController.m in Sources */,
				D026497C1EF98055001CCBEB /* GifImageOriginal.m in Sources */,
				D026493A1EF965CF001CCBEB /* AppDelegate.m in Sources */,
				D02649731EF97021001CCBEB /* FetchGifs.m in Sources */,
				D026496D1EF9687D001CCBEB /* MyCell.m in Sources */,
				D02649371EF965CF001CCBEB /* main.m in Sources */,
			);
			runOnlyForDeploymentPostprocessing = 0;
		};
		D026494A1EF965CF001CCBEB /* Sources */ = {
			isa = PBXSourcesBuildPhase;
			buildActionMask = 2147483647;
			files = (
				D02649531EF965CF001CCBEB /* trendinggifTests.m in Sources */,
			);
			runOnlyForDeploymentPostprocessing = 0;
		};
		D02649551EF965CF001CCBEB /* Sources */ = {
			isa = PBXSourcesBuildPhase;
			buildActionMask = 2147483647;
			files = (
				D026495E1EF965CF001CCBEB /* trendinggifUITests.m in Sources */,
			);
			runOnlyForDeploymentPostprocessing = 0;
		};
/* End PBXSourcesBuildPhase section */

/* Begin PBXTargetDependency section */
		D02649501EF965CF001CCBEB /* PBXTargetDependency */ = {
			isa = PBXTargetDependency;
			target = D02649311EF965CF001CCBEB /* trendinggif */;
			targetProxy = D026494F1EF965CF001CCBEB /* PBXContainerItemProxy */;
		};
		D026495B1EF965CF001CCBEB /* PBXTargetDependency */ = {
			isa = PBXTargetDependency;
			target = D02649311EF965CF001CCBEB /* trendinggif */;
			targetProxy = D026495A1EF965CF001CCBEB /* PBXContainerItemProxy */;
		};
/* End PBXTargetDependency section */

/* Begin PBXVariantGroup section */
		D026493E1EF965CF001CCBEB /* Main.storyboard */ = {
			isa = PBXVariantGroup;
			children = (
				D026493F1EF965CF001CCBEB /* Base */,
			);
			name = Main.storyboard;
			sourceTree = "<group>";
		};
		D02649461EF965CF001CCBEB /* LaunchScreen.storyboard */ = {
			isa = PBXVariantGroup;
			children = (
				D02649471EF965CF001CCBEB /* Base */,
			);
			name = LaunchScreen.storyboard;
			sourceTree = "<group>";
		};
/* End PBXVariantGroup section */

/* Begin XCBuildConfiguration section */
		D02649601EF965CF001CCBEB /* Debug */ = {
			isa = XCBuildConfiguration;
			buildSettings = {
				ALWAYS_SEARCH_USER_PATHS = NO;
				CLANG_ANALYZER_NONNULL = YES;
				CLANG_ANALYZER_NUMBER_OBJECT_CONVERSION = YES_AGGRESSIVE;
				CLANG_CXX_LANGUAGE_STANDARD = "gnu++0x";
				CLANG_CXX_LIBRARY = "libc++";
				CLANG_ENABLE_MODULES = YES;
				CLANG_ENABLE_OBJC_ARC = YES;
				CLANG_WARN_BOOL_CONVERSION = YES;
				CLANG_WARN_CONSTANT_CONVERSION = YES;
				CLANG_WARN_DIRECT_OBJC_ISA_USAGE = YES_ERROR;
				CLANG_WARN_DOCUMENTATION_COMMENTS = YES;
				CLANG_WARN_EMPTY_BODY = YES;
				CLANG_WARN_ENUM_CONVERSION = YES;
				CLANG_WARN_INFINITE_RECURSION = YES;
				CLANG_WARN_INT_CONVERSION = YES;
				CLANG_WARN_OBJC_ROOT_CLASS = YES_ERROR;
				CLANG_WARN_SUSPICIOUS_MOVE = YES;
				CLANG_WARN_UNREACHABLE_CODE = YES;
				CLANG_WARN__DUPLICATE_METHOD_MATCH = YES;
				"CODE_SIGN_IDENTITY[sdk=iphoneos*]" = "iPhone Developer";
				COPY_PHASE_STRIP = NO;
				DEBUG_INFORMATION_FORMAT = dwarf;
				ENABLE_STRICT_OBJC_MSGSEND = YES;
				ENABLE_TESTABILITY = YES;
				GCC_C_LANGUAGE_STANDARD = gnu99;
				GCC_DYNAMIC_NO_PIC = NO;
				GCC_NO_COMMON_BLOCKS = YES;
				GCC_OPTIMIZATION_LEVEL = 0;
				GCC_PREPROCESSOR_DEFINITIONS = (
					"DEBUG=1",
					"$(inherited)",
				);
				GCC_WARN_64_TO_32_BIT_CONVERSION = YES;
				GCC_WARN_ABOUT_RETURN_TYPE = YES_ERROR;
				GCC_WARN_UNDECLARED_SELECTOR = YES;
				GCC_WARN_UNINITIALIZED_AUTOS = YES_AGGRESSIVE;
				GCC_WARN_UNUSED_FUNCTION = YES;
				GCC_WARN_UNUSED_VARIABLE = YES;
				IPHONEOS_DEPLOYMENT_TARGET = 10.3;
				MTL_ENABLE_DEBUG_INFO = YES;
				ONLY_ACTIVE_ARCH = YES;
				SDKROOT = iphoneos;
				TARGETED_DEVICE_FAMILY = "1,2";
			};
			name = Debug;
		};
		D02649611EF965CF001CCBEB /* Release */ = {
			isa = XCBuildConfiguration;
			buildSettings = {
				ALWAYS_SEARCH_USER_PATHS = NO;
				CLANG_ANALYZER_NONNULL = YES;
				CLANG_ANALYZER_NUMBER_OBJECT_CONVERSION = YES_AGGRESSIVE;
				CLANG_CXX_LANGUAGE_STANDARD = "gnu++0x";
				CLANG_CXX_LIBRARY = "libc++";
				CLANG_ENABLE_MODULES = YES;
				CLANG_ENABLE_OBJC_ARC = YES;
				CLANG_WARN_BOOL_CONVERSION = YES;
				CLANG_WARN_CONSTANT_CONVERSION = YES;
				CLANG_WARN_DIRECT_OBJC_ISA_USAGE = YES_ERROR;
				CLANG_WARN_DOCUMENTATION_COMMENTS = YES;
				CLANG_WARN_EMPTY_BODY = YES;
				CLANG_WARN_ENUM_CONVERSION = YES;
				CLANG_WARN_INFINITE_RECURSION = YES;
				CLANG_WARN_INT_CONVERSION = YES;
				CLANG_WARN_OBJC_ROOT_CLASS = YES_ERROR;
				CLANG_WARN_SUSPICIOUS_MOVE = YES;
				CLANG_WARN_UNREACHABLE_CODE = YES;
				CLANG_WARN__DUPLICATE_METHOD_MATCH = YES;
				"CODE_SIGN_IDENTITY[sdk=iphoneos*]" = "iPhone Developer";
				COPY_PHASE_STRIP = NO;
				DEBUG_INFORMATION_FORMAT = "dwarf-with-dsym";
				ENABLE_NS_ASSERTIONS = NO;
				ENABLE_STRICT_OBJC_MSGSEND = YES;
				GCC_C_LANGUAGE_STANDARD = gnu99;
				GCC_NO_COMMON_BLOCKS = YES;
				GCC_WARN_64_TO_32_BIT_CONVERSION = YES;
				GCC_WARN_ABOUT_RETURN_TYPE = YES_ERROR;
				GCC_WARN_UNDECLARED_SELECTOR = YES;
				GCC_WARN_UNINITIALIZED_AUTOS = YES_AGGRESSIVE;
				GCC_WARN_UNUSED_FUNCTION = YES;
				GCC_WARN_UNUSED_VARIABLE = YES;
				IPHONEOS_DEPLOYMENT_TARGET = 10.3;
				MTL_ENABLE_DEBUG_INFO = NO;
				SDKROOT = iphoneos;
				TARGETED_DEVICE_FAMILY = "1,2";
				VALIDATE_PRODUCT = YES;
			};
			name = Release;
		};
		D02649631EF965CF001CCBEB /* Debug */ = {
			isa = XCBuildConfiguration;
			baseConfigurationReference = 31B047B690635A0E51893028 /* Pods-trendinggif.debug.xcconfig */;
			buildSettings = {
				ASSETCATALOG_COMPILER_APPICON_NAME = AppIcon;
				INFOPLIST_FILE = trendinggif/Info.plist;
				LD_RUNPATH_SEARCH_PATHS = "$(inherited) @executable_path/Frameworks";
				PRODUCT_BUNDLE_IDENTIFIER = com.simarc86.trendinggif;
				PRODUCT_NAME = "$(TARGET_NAME)";
			};
			name = Debug;
		};
		D02649641EF965CF001CCBEB /* Release */ = {
			isa = XCBuildConfiguration;
			baseConfigurationReference = C8FAB7057C047712CFD02B9C /* Pods-trendinggif.release.xcconfig */;
			buildSettings = {
				ASSETCATALOG_COMPILER_APPICON_NAME = AppIcon;
				INFOPLIST_FILE = trendinggif/Info.plist;
				LD_RUNPATH_SEARCH_PATHS = "$(inherited) @executable_path/Frameworks";
				PRODUCT_BUNDLE_IDENTIFIER = com.simarc86.trendinggif;
				PRODUCT_NAME = "$(TARGET_NAME)";
			};
			name = Release;
		};
		D02649661EF965CF001CCBEB /* Debug */ = {
			isa = XCBuildConfiguration;
			buildSettings = {
				BUNDLE_LOADER = "$(TEST_HOST)";
				INFOPLIST_FILE = trendinggifTests/Info.plist;
				LD_RUNPATH_SEARCH_PATHS = "$(inherited) @executable_path/Frameworks @loader_path/Frameworks";
				PRODUCT_BUNDLE_IDENTIFIER = com.simarc86.trendinggifTests;
				PRODUCT_NAME = "$(TARGET_NAME)";
				TEST_HOST = "$(BUILT_PRODUCTS_DIR)/trendinggif.app/trendinggif";
			};
			name = Debug;
		};
		D02649671EF965CF001CCBEB /* Release */ = {
			isa = XCBuildConfiguration;
			buildSettings = {
				BUNDLE_LOADER = "$(TEST_HOST)";
				INFOPLIST_FILE = trendinggifTests/Info.plist;
				LD_RUNPATH_SEARCH_PATHS = "$(inherited) @executable_path/Frameworks @loader_path/Frameworks";
				PRODUCT_BUNDLE_IDENTIFIER = com.simarc86.trendinggifTests;
				PRODUCT_NAME = "$(TARGET_NAME)";
				TEST_HOST = "$(BUILT_PRODUCTS_DIR)/trendinggif.app/trendinggif";
			};
			name = Release;
		};
		D02649691EF965CF001CCBEB /* Debug */ = {
			isa = XCBuildConfiguration;
			buildSettings = {
				INFOPLIST_FILE = trendinggifUITests/Info.plist;
				LD_RUNPATH_SEARCH_PATHS = "$(inherited) @executable_path/Frameworks @loader_path/Frameworks";
				PRODUCT_BUNDLE_IDENTIFIER = com.simarc86.trendinggifUITests;
				PRODUCT_NAME = "$(TARGET_NAME)";
				TEST_TARGET_NAME = trendinggif;
			};
			name = Debug;
		};
		D026496A1EF965CF001CCBEB /* Release */ = {
			isa = XCBuildConfiguration;
			buildSettings = {
				INFOPLIST_FILE = trendinggifUITests/Info.plist;
				LD_RUNPATH_SEARCH_PATHS = "$(inherited) @executable_path/Frameworks @loader_path/Frameworks";
				PRODUCT_BUNDLE_IDENTIFIER = com.simarc86.trendinggifUITests;
				PRODUCT_NAME = "$(TARGET_NAME)";
				TEST_TARGET_NAME = trendinggif;
			};
			name = Release;
		};
/* End XCBuildConfiguration section */

/* Begin XCConfigurationList section */
		D026492D1EF965CF001CCBEB /* Build configuration list for PBXProject "trendinggif" */ = {
			isa = XCConfigurationList;
			buildConfigurations = (
				D02649601EF965CF001CCBEB /* Debug */,
				D02649611EF965CF001CCBEB /* Release */,
			);
			defaultConfigurationIsVisible = 0;
			defaultConfigurationName = Release;
		};
		D02649621EF965CF001CCBEB /* Build configuration list for PBXNativeTarget "trendinggif" */ = {
			isa = XCConfigurationList;
			buildConfigurations = (
				D02649631EF965CF001CCBEB /* Debug */,
				D02649641EF965CF001CCBEB /* Release */,
			);
			defaultConfigurationIsVisible = 0;
			defaultConfigurationName = Release;
		};
		D02649651EF965CF001CCBEB /* Build configuration list for PBXNativeTarget "trendinggifTests" */ = {
			isa = XCConfigurationList;
			buildConfigurations = (
				D02649661EF965CF001CCBEB /* Debug */,
				D02649671EF965CF001CCBEB /* Release */,
			);
			defaultConfigurationIsVisible = 0;
			defaultConfigurationName = Release;
		};
		D02649681EF965CF001CCBEB /* Build configuration list for PBXNativeTarget "trendinggifUITests" */ = {
			isa = XCConfigurationList;
			buildConfigurations = (
				D02649691EF965CF001CCBEB /* Debug */,
				D026496A1EF965CF001CCBEB /* Release */,
			);
			defaultConfigurationIsVisible = 0;
			defaultConfigurationName = Release;
		};
/* End XCConfigurationList section */

/* Begin XCVersionGroup section */
		D02649411EF965CF001CCBEB /* trendinggif.xcdatamodeld */ = {
			isa = XCVersionGroup;
			children = (
				D02649421EF965CF001CCBEB /* trendinggif.xcdatamodel */,
			);
			currentVersion = D02649421EF965CF001CCBEB /* trendinggif.xcdatamodel */;
			path = trendinggif.xcdatamodeld;
			sourceTree = "<group>";
			versionGroupType = wrapper.xcdatamodel;
		};
/* End XCVersionGroup section */
	};
	rootObject = D026492A1EF965CF001CCBEB /* Project object */;
}
